
Microsoft Visual Studio Solution File, Format Version 12.00
# Visual Studio Version 16
VisualStudioVersion = 16.0.32106.194
MinimumVisualStudioVersion = 10.0.40219.1
Project("{2150E333-8FDC-42A3-9474-1A3956D46DE8}") = "Doc", "Doc", "{5E3AFF60-0F39-44AA-9032-13BDD65850A0}"
EndProject
Project("{2150E333-8FDC-42A3-9474-1A3956D46DE8}") = "Src", "Src", "{8FF962BD-8CEC-4731-8366-B20D3D3F371A}"
EndProject
Project("{2150E333-8FDC-42A3-9474-1A3956D46DE8}") = "Test", "Test", "{A41B2F6D-8AA3-4DF8-9366-900BFCE66616}"
EndProject
Project("{2150E333-8FDC-42A3-9474-1A3956D46DE8}") = "Core", "Core", "{B25EF0A6-79B7-44B5-AEDD-55929E26F24F}"
EndProject
Project("{2150E333-8FDC-42A3-9474-1A3956D46DE8}") = "Infrastructure", "Infrastructure", "{57FE0A67-B20C-46B0-ABC7-87DA5D50D2E8}"
EndProject
Project("{2150E333-8FDC-42A3-9474-1A3956D46DE8}") = "Presentation", "Presentation", "{0C162B7E-5E20-43AB-8221-0A402A1C4ABB}"
EndProject
Project("{2150E333-8FDC-42A3-9474-1A3956D46DE8}") = "Common", "Common", "{D5D04E91-E7A5-4285-B416-FE5F66E99EEE}"
EndProject
Project("{9A19103F-16F7-4668-BE54-9A1E7A4F7556}") = "UCI.Domain", "UCI.Domain\UCI.Domain.csproj", "{BD00D321-B3C1-47AE-B100-4F12155F52B0}"
EndProject
Project("{9A19103F-16F7-4668-BE54-9A1E7A4F7556}") = "UCI.Application", "UCI.Application\UCI.Application.csproj", "{61DC6BC3-41C4-42D8-B16B-09581C97CA20}"
EndProject
Project("{9A19103F-16F7-4668-BE54-9A1E7A4F7556}") = "UCI.Infrastructure", "UCI.Infrastructure\UCI.Infrastructure.csproj", "{C4A95CDB-C5A2-4046-AAB4-214AEB2AF857}"
EndProject
Project("{9A19103F-16F7-4668-BE54-9A1E7A4F7556}") = "UCI.Persistence", "UCI.Persistence\UCI.Persistence.csproj", "{DADFE446-919A-4357-8620-673D3FAC77D4}"
EndProject
Project("{9A19103F-16F7-4668-BE54-9A1E7A4F7556}") = "UCI.Common", "UCI.Common\UCI.Common.csproj", "{ED15CDF6-A6F2-4DD9-9C8D-48360D8122B1}"
EndProject
Project("{9A19103F-16F7-4668-BE54-9A1E7A4F7556}") = "EndPoint.Site", "EndPoint.Site\EndPoint.Site.csproj", "{BFDE0C99-AE5E-4502-8720-0A233D10478C}"
EndProject
Project("{2150E333-8FDC-42A3-9474-1A3956D46DE8}") = "توضیحات پروژه", "توضیحات پروژه", "{3CC01E1D-AEC4-41CB-937B-DF8371CE2D05}"
	ProjectSection(SolutionItems) = preProject
		New folder\Document.rtf = New folder\Document.rtf
	EndProjectSection
EndProject
Global
	GlobalSection(SolutionConfigurationPlatforms) = preSolution
		Debug|Any CPU = Debug|Any CPU
		Release|Any CPU = Release|Any CPU
	EndGlobalSection
	GlobalSection(ProjectConfigurationPlatforms) = postSolution
		{BD00D321-B3C1-47AE-B100-4F12155F52B0}.Debug|Any CPU.ActiveCfg = Debug|Any CPU
		{BD00D321-B3C1-47AE-B100-4F12155F52B0}.Debug|Any CPU.Build.0 = Debug|Any CPU
		{BD00D321-B3C1-47AE-B100-4F12155F52B0}.Release|Any CPU.ActiveCfg = Release|Any CPU
		{BD00D321-B3C1-47AE-B100-4F12155F52B0}.Release|Any CPU.Build.0 = Release|Any CPU
		{61DC6BC3-41C4-42D8-B16B-09581C97CA20}.Debug|Any CPU.ActiveCfg = Debug|Any CPU
		{61DC6BC3-41C4-42D8-B16B-09581C97CA20}.Debug|Any CPU.Build.0 = Debug|Any CPU
		{61DC6BC3-41C4-42D8-B16B-09581C97CA20}.Release|Any CPU.ActiveCfg = Release|Any CPU
		{61DC6BC3-41C4-42D8-B16B-09581C97CA20}.Release|Any CPU.Build.0 = Release|Any CPU
		{C4A95CDB-C5A2-4046-AAB4-214AEB2AF857}.Debug|Any CPU.ActiveCfg = Debug|Any CPU
		{C4A95CDB-C5A2-4046-AAB4-214AEB2AF857}.Debug|Any CPU.Build.0 = Debug|Any CPU
		{C4A95CDB-C5A2-4046-AAB4-214AEB2AF857}.Release|Any CPU.ActiveCfg = Release|Any CPU
		{C4A95CDB-C5A2-4046-AAB4-214AEB2AF857}.Release|Any CPU.Build.0 = Release|Any CPU
		{DADFE446-919A-4357-8620-673D3FAC77D4}.Debug|Any CPU.ActiveCfg = Debug|Any CPU
		{DADFE446-919A-4357-8620-673D3FAC77D4}.Debug|Any CPU.Build.0 = Debug|Any CPU
		{DADFE446-919A-4357-8620-673D3FAC77D4}.Release|Any CPU.ActiveCfg = Release|Any CPU
		{DADFE446-919A-4357-8620-673D3FAC77D4}.Release|Any CPU.Build.0 = Release|Any CPU
		{ED15CDF6-A6F2-4DD9-9C8D-48360D8122B1}.Debug|Any CPU.ActiveCfg = Debug|Any CPU
		{ED15CDF6-A6F2-4DD9-9C8D-48360D8122B1}.Debug|Any CPU.Build.0 = Debug|Any CPU
		{ED15CDF6-A6F2-4DD9-9C8D-48360D8122B1}.Release|Any CPU.ActiveCfg = Release|Any CPU
		{ED15CDF6-A6F2-4DD9-9C8D-48360D8122B1}.Release|Any CPU.Build.0 = Release|Any CPU
		{BFDE0C99-AE5E-4502-8720-0A233D10478C}.Debug|Any CPU.ActiveCfg = Debug|Any CPU
		{BFDE0C99-AE5E-4502-8720-0A233D10478C}.Debug|Any CPU.Build.0 = Debug|Any CPU
		{BFDE0C99-AE5E-4502-8720-0A233D10478C}.Release|Any CPU.ActiveCfg = Release|Any CPU
		{BFDE0C99-AE5E-4502-8720-0A233D10478C}.Release|Any CPU.Build.0 = Release|Any CPU
	EndGlobalSection
	GlobalSection(SolutionProperties) = preSolution
		HideSolutionNode = FALSE
	EndGlobalSection
	GlobalSection(NestedProjects) = preSolution
		{B25EF0A6-79B7-44B5-AEDD-55929E26F24F} = {8FF962BD-8CEC-4731-8366-B20D3D3F371A}
		{57FE0A67-B20C-46B0-ABC7-87DA5D50D2E8} = {8FF962BD-8CEC-4731-8366-B20D3D3F371A}
		{0C162B7E-5E20-43AB-8221-0A402A1C4ABB} = {8FF962BD-8CEC-4731-8366-B20D3D3F371A}
		{D5D04E91-E7A5-4285-B416-FE5F66E99EEE} = {8FF962BD-8CEC-4731-8366-B20D3D3F371A}
		{BD00D321-B3C1-47AE-B100-4F12155F52B0} = {B25EF0A6-79B7-44B5-AEDD-55929E26F24F}
		{61DC6BC3-41C4-42D8-B16B-09581C97CA20} = {B25EF0A6-79B7-44B5-AEDD-55929E26F24F}
		{C4A95CDB-C5A2-4046-AAB4-214AEB2AF857} = {57FE0A67-B20C-46B0-ABC7-87DA5D50D2E8}
		{DADFE446-919A-4357-8620-673D3FAC77D4} = {57FE0A67-B20C-46B0-ABC7-87DA5D50D2E8}
		{ED15CDF6-A6F2-4DD9-9C8D-48360D8122B1} = {D5D04E91-E7A5-4285-B416-FE5F66E99EEE}
		{BFDE0C99-AE5E-4502-8720-0A233D10478C} = {0C162B7E-5E20-43AB-8221-0A402A1C4ABB}
		{3CC01E1D-AEC4-41CB-937B-DF8371CE2D05} = {5E3AFF60-0F39-44AA-9032-13BDD65850A0}
	EndGlobalSection
	GlobalSection(ExtensibilityGlobals) = postSolution
		SolutionGuid = {A469905E-9B93-46B6-B6B3-DB5253889A21}
	EndGlobalSection
EndGlobal
